
Microsoft Visual Studio Solution File, Format Version 12.00
# Visual Studio 15
VisualStudioVersion = 15.0.28307.168
MinimumVisualStudioVersion = 10.0.40219.1
Project("{888888A0-9F3D-457C-B088-3A5042F75D52}") = "BrainMRI", "BrainMRI.pyproj", "{C714D3F0-E3F1-418F-BD77-D4E17410BF9A}"
EndProject
Global
	GlobalSection(SolutionConfigurationPlatforms) = preSolution
		Debug|Any CPU = Debug|Any CPU
		Release|Any CPU = Release|Any CPU
	EndGlobalSection
	GlobalSection(ProjectConfigurationPlatforms) = postSolution
		{C714D3F0-E3F1-418F-BD77-D4E17410BF9A}.Debug|Any CPU.ActiveCfg = Debug|Any CPU
		{C714D3F0-E3F1-418F-BD77-D4E17410BF9A}.Release|Any CPU.ActiveCfg = Release|Any CPU
	EndGlobalSection
	GlobalSection(SolutionProperties) = preSolution
		HideSolutionNode = FALSE
	EndGlobalSection
	GlobalSection(ExtensibilityGlobals) = postSolution
		SolutionGuid = {3D87E59C-BA04-4551-8C5F-79ADB2C55219}
	EndGlobalSection
EndGlobal
